// !$*UTF8*$!
{
	archiveVersion = 1;
	classes = {
	};
	objectVersion = 46;
	objects = {

/* Begin PBXBuildFile section */
		F0EA5C772004BAA000E69ADD /* AppDelegate.swift in Sources */ = {isa = PBXBuildFile; fileRef = F0EA5C762004BAA000E69ADD /* AppDelegate.swift */; };
		F0EA5C792004BAA000E69ADD /* ViewController.swift in Sources */ = {isa = PBXBuildFile; fileRef = F0EA5C782004BAA000E69ADD /* ViewController.swift */; };
		F0EA5C7C2004BAA000E69ADD /* Main.storyboard in Resources */ = {isa = PBXBuildFile; fileRef = F0EA5C7A2004BAA000E69ADD /* Main.storyboard */; };
		F0EA5C7E2004BAA000E69ADD /* Assets.xcassets in Resources */ = {isa = PBXBuildFile; fileRef = F0EA5C7D2004BAA000E69ADD /* Assets.xcassets */; };
		F0EA5C812004BAA000E69ADD /* LaunchScreen.storyboard in Resources */ = {isa = PBXBuildFile; fileRef = F0EA5C7F2004BAA000E69ADD /* LaunchScreen.storyboard */; };
/* End PBXBuildFile section */

/* Begin PBXFileReference section */
		F0EA5C732004BAA000E69ADD /* pointerbutton.app */ = {isa = PBXFileReference; explicitFileType = wrapper.application; includeInIndex = 0; path = pointerbutton.app; sourceTree = BUILT_PRODUCTS_DIR; };
		F0EA5C762004BAA000E69ADD /* AppDelegate.swift */ = {isa = PBXFileReference; lastKnownFileType = sourcecode.swift; path = AppDelegate.swift; sourceTree = "<group>"; };
		F0EA5C782004BAA000E69ADD /* ViewController.swift */ = {isa = PBXFileReference; lastKnownFileType = sourcecode.swift; path = ViewController.swift; sourceTree = "<group>"; };
		F0EA5C7B2004BAA000E69ADD /* Base */ = {isa = PBXFileReference; lastKnownFileType = file.storyboard; name = Base; path = Base.lproj/Main.storyboard; sourceTree = "<group>"; };
		F0EA5C7D2004BAA000E69ADD /* Assets.xcassets */ = {isa = PBXFileReference; lastKnownFileType = folder.assetcatalog; path = Assets.xcassets; sourceTree = "<group>"; };
		F0EA5C802004BAA000E69ADD /* Base */ = {isa = PBXFileReference; lastKnownFileType = file.storyboard; name = Base; path = Base.lproj/LaunchScreen.storyboard; sourceTree = "<group>"; };
		F0EA5C822004BAA000E69ADD /* Info.plist */ = {isa = PBXFileReference; lastKnownFileType = text.plist.xml; path = Info.plist; sourceTree = "<group>"; };
/* End PBXFileReference section */

/* Begin PBXFrameworksBuildPhase section */
		F0EA5C702004BA9F00E69ADD /* Frameworks */ = {
			isa = PBXFrameworksBuildPhase;
			buildActionMask = 2147483647;
			files = (
			);
			runOnlyForDeploymentPostprocessing = 0;
		};
/* End PBXFrameworksBuildPhase section */

/* Begin PBXGroup section */
		F0EA5C6A2004BA9F00E69ADD = {
			isa = PBXGroup;
			children = (
				F0EA5C752004BAA000E69ADD /* pointerbutton */,
				F0EA5C742004BAA000E69ADD /* Products */,
			);
			sourceTree = "<group>";
		};
		F0EA5C742004BAA000E69ADD /* Products */ = {
			isa = PBXGroup;
			children = (
				F0EA5C732004BAA000E69ADD /* pointerbutton.app */,
			);
			name = Products;
			sourceTree = "<group>";
		};
		F0EA5C752004BAA000E69ADD /* pointerbutton */ = {
			isa = PBXGroup;
			children = (
				F0EA5C762004BAA000E69ADD /* AppDelegate.swift */,
				F0EA5C782004BAA000E69ADD /* ViewController.swift */,
				F0EA5C7A2004BAA000E69ADD /* Main.storyboard */,
				F0EA5C7D2004BAA000E69ADD /* Assets.xcassets */,
				F0EA5C7F2004BAA000E69ADD /* LaunchScreen.storyboard */,
				F0EA5C822004BAA000E69ADD /* Info.plist */,
			);
			path = pointerbutton;
			sourceTree = "<group>";
		};
/* End PBXGroup section */

/* Begin PBXNativeTarget section */
		F0EA5C722004BA9F00E69ADD /* pointerbutton */ = {
			isa = PBXNativeTarget;
			buildConfigurationList = F0EA5C852004BAA000E69ADD /* Build configuration list for PBXNativeTarget "pointerbutton" */;
			buildPhases = (
				F0EA5C6F2004BA9F00E69ADD /* Sources */,
				F0EA5C702004BA9F00E69ADD /* Frameworks */,
				F0EA5C712004BA9F00E69ADD /* Resources */,
			);
			buildRules = (
			);
			dependencies = (
			);
			name = pointerbutton;
			productName = pointerbutton;
			productReference = F0EA5C732004BAA000E69ADD /* pointerbutton.app */;
			productType = "com.apple.product-type.application";
		};
/* End PBXNativeTarget section */

/* Begin PBXProject section */
		F0EA5C6B2004BA9F00E69ADD /* Project object */ = {
			isa = PBXProject;
			attributes = {
				LastSwiftUpdateCheck = 0820;
				LastUpgradeCheck = 0820;
				ORGANIZATIONNAME = luissancar;
				TargetAttributes = {
					F0EA5C722004BA9F00E69ADD = {
						CreatedOnToolsVersion = 8.2.1;
						DevelopmentTeam = D7ACHR9XMP;
						ProvisioningStyle = Automatic;
					};
				};
			};
			buildConfigurationList = F0EA5C6E2004BA9F00E69ADD /* Build configuration list for PBXProject "pointerbutton" */;
			compatibilityVersion = "Xcode 3.2";
			developmentRegion = English;
			hasScannedForEncodings = 0;
			knownRegions = (
				en,
				Base,
			);
			mainGroup = F0EA5C6A2004BA9F00E69ADD;
			productRefGroup = F0EA5C742004BAA000E69ADD /* Products */;
			projectDirPath = "";
			projectRoot = "";
			targets = (
				F0EA5C722004BA9F00E69ADD /* pointerbutton */,
			);
		};
/* End PBXProject section */

/* Begin PBXResourcesBuildPhase section */
		F0EA5C712004BA9F00E69ADD /* Resources */ = {
			isa = PBXResourcesBuildPhase;
			buildActionMask = 2147483647;
			files = (
				F0EA5C812004BAA000E69ADD /* LaunchScreen.storyboard in Resources */,
				F0EA5C7E2004BAA000E69ADD /* Assets.xcassets in Resources */,
				F0EA5C7C2004BAA000E69ADD /* Main.storyboard in Resources */,
			);
			runOnlyForDeploymentPostprocessing = 0;
		};
/* End PBXResourcesBuildPhase section */

/* Begin PBXSourcesBuildPhase section */
		F0EA5C6F2004BA9F00E69ADD /* Sources */ = {
			isa = PBXSourcesBuildPhase;
			buildActionMask = 2147483647;
			files = (
				F0EA5C792004BAA000E69ADD /* ViewController.swift in Sources */,
				F0EA5C772004BAA000E69ADD /* AppDelegate.swift in Sources */,
			);
			runOnlyForDeploymentPostprocessing = 0;
		};
/* End PBXSourcesBuildPhase section */

/* Begin PBXVariantGroup section */
		F0EA5C7A2004BAA000E69ADD /* Main.storyboard */ = {
			isa = PBXVariantGroup;
			children = (
				F0EA5C7B2004BAA000E69ADD /* Base */,
			);
			name = Main.storyboard;
			sourceTree = "<group>";
		};
		F0EA5C7F2004BAA000E69ADD /* LaunchScreen.storyboard */ = {
			isa = PBXVariantGroup;
			children = (
				F0EA5C802004BAA000E69ADD /* Base */,
			);
			name = LaunchScreen.storyboard;
			sourceTree = "<group>";
		};
/* End PBXVariantGroup section */

/* Begin XCBuildConfiguration section */
		F0EA5C832004BAA000E69ADD /* Debug */ = {
			isa = XCBuildConfiguration;
			buildSettings = {
				ALWAYS_SEARCH_USER_PATHS = NO;
				CLANG_ANALYZER_NONNULL = YES;
				CLANG_CXX_LANGUAGE_STANDARD = "gnu++0x";
				CLANG_CXX_LIBRARY = "libc++";
				CLANG_ENABLE_MODULES = YES;
				CLANG_ENABLE_OBJC_ARC = YES;
				CLANG_WARN_BOOL_CONVERSION = YES;
				CLANG_WARN_CONSTANT_CONVERSION = YES;
				CLANG_WARN_DIRECT_OBJC_ISA_USAGE = YES_ERROR;
				CLANG_WARN_DOCUMENTATION_COMMENTS = YES;
				CLANG_WARN_EMPTY_BODY = YES;
				CLANG_WARN_ENUM_CONVERSION = YES;
				CLANG_WARN_INFINITE_RECURSION = YES;
				CLANG_WARN_INT_CONVERSION = YES;
				CLANG_WARN_OBJC_ROOT_CLASS = YES_ERROR;
				CLANG_WARN_SUSPICIOUS_MOVE = YES;
				CLANG_WARN_UNREACHABLE_CODE = YES;
				CLANG_WARN__DUPLICATE_METHOD_MATCH = YES;
				"CODE_SIGN_IDENTITY[sdk=iphoneos*]" = "iPhone Developer";
				COPY_PHASE_STRIP = NO;
				DEBUG_INFORMATION_FORMAT = dwarf;
				ENABLE_STRICT_OBJC_MSGSEND = YES;
				ENABLE_TESTABILITY = YES;
				GCC_C_LANGUAGE_STANDARD = gnu99;
				GCC_DYNAMIC_NO_PIC = NO;
				GCC_NO_COMMON_BLOCKS = YES;
				GCC_OPTIMIZATION_LEVEL = 0;
				GCC_PREPROCESSOR_DEFINITIONS = (
					"DEBUG=1",
					"$(inherited)",
				);
				GCC_WARN_64_TO_32_BIT_CONVERSION = YES;
				GCC_WARN_ABOUT_RETURN_TYPE = YES_ERROR;
				GCC_WARN_UNDECLARED_SELECTOR = YES;
				GCC_WARN_UNINITIALIZED_AUTOS = YES_AGGRESSIVE;
				GCC_WARN_UNUSED_FUNCTION = YES;
				GCC_WARN_UNUSED_VARIABLE = YES;
				IPHONEOS_DEPLOYMENT_TARGET = 10.2;
				MTL_ENABLE_DEBUG_INFO = YES;
				ONLY_ACTIVE_ARCH = YES;
				SDKROOT = iphoneos;
				SWIFT_ACTIVE_COMPILATION_CONDITIONS = DEBUG;
				SWIFT_OPTIMIZATION_LEVEL = "-Onone";
				TARGETED_DEVICE_FAMILY = "1,2";
			};
			name = Debug;
		};
		F0EA5C842004BAA000E69ADD /* Release */ = {
			isa = XCBuildConfiguration;
			buildSettings = {
				ALWAYS_SEARCH_USER_PATHS = NO;
				CLANG_ANALYZER_NONNULL = YES;
				CLANG_CXX_LANGUAGE_STANDARD = "gnu++0x";
				CLANG_CXX_LIBRARY = "libc++";
				CLANG_ENABLE_MODULES = YES;
				CLANG_ENABLE_OBJC_ARC = YES;
				CLANG_WARN_BOOL_CONVERSION = YES;
				CLANG_WARN_CONSTANT_CONVERSION = YES;
				CLANG_WARN_DIRECT_OBJC_ISA_USAGE = YES_ERROR;
				CLANG_WARN_DOCUMENTATION_COMMENTS = YES;
				CLANG_WARN_EMPTY_BODY = YES;
				CLANG_WARN_ENUM_CONVERSION = YES;
				CLANG_WARN_INFINITE_RECURSION = YES;
				CLANG_WARN_INT_CONVERSION = YES;
				CLANG_WARN_OBJC_ROOT_CLASS = YES_ERROR;
				CLANG_WARN_SUSPICIOUS_MOVE = YES;
				CLANG_WARN_UNREACHABLE_CODE = YES;
				CLANG_WARN__DUPLICATE_METHOD_MATCH = YES;
				"CODE_SIGN_IDENTITY[sdk=iphoneos*]" = "iPhone Developer";
				COPY_PHASE_STRIP = NO;
				DEBUG_INFORMATION_FORMAT = "dwarf-with-dsym";
				ENABLE_NS_ASSERTIONS = NO;
				ENABLE_STRICT_OBJC_MSGSEND = YES;
				GCC_C_LANGUAGE_STANDARD = gnu99;
				GCC_NO_COMMON_BLOCKS = YES;
				GCC_WARN_64_TO_32_BIT_CONVERSION = YES;
				GCC_WARN_ABOUT_RETURN_TYPE = YES_ERROR;
				GCC_WARN_UNDECLARED_SELECTOR = YES;
				GCC_WARN_UNINITIALIZED_AUTOS = YES_AGGRESSIVE;
				GCC_WARN_UNUSED_FUNCTION = YES;
				GCC_WARN_UNUSED_VARIABLE = YES;
				IPHONEOS_DEPLOYMENT_TARGET = 10.2;
				MTL_ENABLE_DEBUG_INFO = NO;
				SDKROOT = iphoneos;
				SWIFT_OPTIMIZATION_LEVEL = "-Owholemodule";
				TARGETED_DEVICE_FAMILY = "1,2";
				VALIDATE_PRODUCT = YES;
			};
			name = Release;
		};
		F0EA5C862004BAA000E69ADD /* Debug */ = {
			isa = XCBuildConfiguration;
			buildSettings = {
				ASSETCATALOG_COMPILER_APPICON_NAME = AppIcon;
				DEVELOPMENT_TEAM = D7ACHR9XMP;
				INFOPLIST_FILE = pointerbutton/Info.plist;
				LD_RUNPATH_SEARCH_PATHS = "$(inherited) @executable_path/Frameworks";
				PRODUCT_BUNDLE_IDENTIFIER = luissancar.pointerbutton;
				PRODUCT_NAME = "$(TARGET_NAME)";
				SWIFT_VERSION = 3.0;
			};
			name = Debug;
		};
		F0EA5C872004BAA000E69ADD /* Release */ = {
			isa = XCBuildConfiguration;
			buildSettings = {
				ASSETCATALOG_COMPILER_APPICON_NAME = AppIcon;
				DEVELOPMENT_TEAM = D7ACHR9XMP;
				INFOPLIST_FILE = pointerbutton/Info.plist;
				LD_RUNPATH_SEARCH_PATHS = "$(inherited) @executable_path/Frameworks";
				PRODUCT_BUNDLE_IDENTIFIER = luissancar.pointerbutton;
				PRODUCT_NAME = "$(TARGET_NAME)";
				SWIFT_VERSION = 3.0;
			};
			name = Release;
		};
/* End XCBuildConfiguration section */

/* Begin XCConfigurationList section */
		F0EA5C6E2004BA9F00E69ADD /* Build configuration list for PBXProject "pointerbutton" */ = {
			isa = XCConfigurationList;
			buildConfigurations = (
				F0EA5C832004BAA000E69ADD /* Debug */,
				F0EA5C842004BAA000E69ADD /* Release */,
			);
			defaultConfigurationIsVisible = 0;
			defaultConfigurationName = Release;
		};
		F0EA5C852004BAA000E69ADD /* Build configuration list for PBXNativeTarget "pointerbutton" */ = {
			isa = XCConfigurationList;
			buildConfigurations = (
				F0EA5C862004BAA000E69ADD /* Debug */,
				F0EA5C872004BAA000E69ADD /* Release */,
			);
			defaultConfigurationIsVisible = 0;
		};
/* End XCConfigurationList section */
	};
	rootObject = F0EA5C6B2004BA9F00E69ADD /* Project object */;
}
